
Microsoft Visual Studio Solution File, Format Version 12.00
# Visual Studio Version 17
VisualStudioVersion = 17.7.34009.444
MinimumVisualStudioVersion = 10.0.40219.1
Project("{FAE04EC0-301F-11D3-BF4B-00C04F79EFBC}") = "BT_LINQ2", "BT_LINQ2\BT_LINQ2.csproj", "{B4DA097B-DE22-4EEB-AD8F-D251C3D9F00F}"
EndProject
Global
	GlobalSection(SolutionConfigurationPlatforms) = preSolution
		Debug|Any CPU = Debug|Any CPU
		Release|Any CPU = Release|Any CPU
	EndGlobalSection
	GlobalSection(ProjectConfigurationPlatforms) = postSolution
		{B4DA097B-DE22-4EEB-AD8F-D251C3D9F00F}.Debug|Any CPU.ActiveCfg = Debug|Any CPU
		{B4DA097B-DE22-4EEB-AD8F-D251C3D9F00F}.Debug|Any CPU.Build.0 = Debug|Any CPU
		{B4DA097B-DE22-4EEB-AD8F-D251C3D9F00F}.Release|Any CPU.ActiveCfg = Release|Any CPU
		{B4DA097B-DE22-4EEB-AD8F-D251C3D9F00F}.Release|Any CPU.Build.0 = Release|Any CPU
	EndGlobalSection
	GlobalSection(SolutionProperties) = preSolution
		HideSolutionNode = FALSE
	EndGlobalSection
	GlobalSection(ExtensibilityGlobals) = postSolution
		SolutionGuid = {C06DFE64-48EC-425D-BFF1-F55B40333FC0}
	EndGlobalSection
EndGlobal
